// !$*UTF8*$!
{
	archiveVersion = 1;
	classes = {
	};
	objectVersion = 56;
	objects = {

/* Begin PBXBuildFile section */
		D64CB12E2BA63C9C0080DA1C /* SQLite.framework in Frameworks */ = {isa = PBXBuildFile; fileRef = D64CB1212BA639AC0080DA1C /* SQLite.framework */; };
		D64CB12F2BA63C9C0080DA1C /* SQLite.framework in Embed Frameworks */ = {isa = PBXBuildFile; fileRef = D64CB1212BA639AC0080DA1C /* SQLite.framework */; settings = {ATTRIBUTES = (CodeSignOnCopy, RemoveHeadersOnCopy, ); }; };
		D6683E502A2137AF002159F6 /* LandingPerformanceApp.swift in Sources */ = {isa = PBXBuildFile; fileRef = D6683E4F2A2137AF002159F6 /* LandingPerformanceApp.swift */; };
		D6683E522A2137AF002159F6 /* ContentView.swift in Sources */ = {isa = PBXBuildFile; fileRef = D6683E512A2137AF002159F6 /* ContentView.swift */; };
		D6683E542A2137B3002159F6 /* Assets.xcassets in Resources */ = {isa = PBXBuildFile; fileRef = D6683E532A2137B3002159F6 /* Assets.xcassets */; };
		D6683E572A2137B3002159F6 /* Preview Assets.xcassets in Resources */ = {isa = PBXBuildFile; fileRef = D6683E562A2137B3002159F6 /* Preview Assets.xcassets */; };
		D6683E792A2139B4002159F6 /* Data.swift in Sources */ = {isa = PBXBuildFile; fileRef = D6683E782A2139B4002159F6 /* Data.swift */; };
		D68000692BA9A54000400993 /* Failure.swift in Sources */ = {isa = PBXBuildFile; fileRef = D68000682BA9A54000400993 /* Failure.swift */; };
		D68000722BA9C07D00400993 /* SystemView.swift in Sources */ = {isa = PBXBuildFile; fileRef = D68000712BA9C07D00400993 /* SystemView.swift */; };
		D68000742BA9FEFB00400993 /* FailureIView.swift in Sources */ = {isa = PBXBuildFile; fileRef = D68000732BA9FEFB00400993 /* FailureIView.swift */; };
		D6A619E62A213CCD00258941 /* landing_performance_test_.db in Resources */ = {isa = PBXBuildFile; fileRef = D6A619DE2A213CCD00258941 /* landing_performance_test_.db */; };
/* End PBXBuildFile section */

/* Begin PBXContainerItemProxy section */
		D64CB1202BA639AC0080DA1C /* PBXContainerItemProxy */ = {
			isa = PBXContainerItemProxy;
			containerPortal = D64CB1162BA639AC0080DA1C /* SQLite.xcodeproj */;
			proxyType = 2;
			remoteGlobalIDString = EE247AD31C3F04ED00AE3E12;
			remoteInfo = "SQLite iOS";
		};
		D64CB1222BA639AC0080DA1C /* PBXContainerItemProxy */ = {
			isa = PBXContainerItemProxy;
			containerPortal = D64CB1162BA639AC0080DA1C /* SQLite.xcodeproj */;
			proxyType = 2;
			remoteGlobalIDString = EE247ADD1C3F04ED00AE3E12;
			remoteInfo = "SQLiteTests iOS";
		};
		D64CB1242BA639AC0080DA1C /* PBXContainerItemProxy */ = {
			isa = PBXContainerItemProxy;
			containerPortal = D64CB1162BA639AC0080DA1C /* SQLite.xcodeproj */;
			proxyType = 2;
			remoteGlobalIDString = EE247B3C1C3F3ED000AE3E12;
			remoteInfo = "SQLite Mac";
		};
		D64CB1262BA639AC0080DA1C /* PBXContainerItemProxy */ = {
			isa = PBXContainerItemProxy;
			containerPortal = D64CB1162BA639AC0080DA1C /* SQLite.xcodeproj */;
			proxyType = 2;
			remoteGlobalIDString = EE247B451C3F3ED000AE3E12;
			remoteInfo = "SQLiteTests Mac";
		};
		D64CB1282BA639AC0080DA1C /* PBXContainerItemProxy */ = {
			isa = PBXContainerItemProxy;
			containerPortal = D64CB1162BA639AC0080DA1C /* SQLite.xcodeproj */;
			proxyType = 2;
			remoteGlobalIDString = 03A65E5A1C6BB0F50062603F;
			remoteInfo = "SQLite tvOS";
		};
		D64CB12A2BA639AC0080DA1C /* PBXContainerItemProxy */ = {
			isa = PBXContainerItemProxy;
			containerPortal = D64CB1162BA639AC0080DA1C /* SQLite.xcodeproj */;
			proxyType = 2;
			remoteGlobalIDString = 03A65E631C6BB0F60062603F;
			remoteInfo = "SQLiteTests tvOS";
		};
		D64CB12C2BA639AC0080DA1C /* PBXContainerItemProxy */ = {
			isa = PBXContainerItemProxy;
			containerPortal = D64CB1162BA639AC0080DA1C /* SQLite.xcodeproj */;
			proxyType = 2;
			remoteGlobalIDString = A121AC451CA35C79005A31D1;
			remoteInfo = "SQLite watchOS";
		};
/* End PBXContainerItemProxy section */

/* Begin PBXCopyFilesBuildPhase section */
		D6A6F0842A213F9E003BBECD /* Embed Frameworks */ = {
			isa = PBXCopyFilesBuildPhase;
			buildActionMask = 2147483647;
			dstPath = "";
			dstSubfolderSpec = 10;
			files = (
				D64CB12F2BA63C9C0080DA1C /* SQLite.framework in Embed Frameworks */,
			);
			name = "Embed Frameworks";
			runOnlyForDeploymentPostprocessing = 0;
		};
		D6F9BEC02AB7388C00AF90D2 /* Embed PlugIns */ = {
			isa = PBXCopyFilesBuildPhase;
			buildActionMask = 2147483647;
			dstPath = "";
			dstSubfolderSpec = 13;
			files = (
			);
			name = "Embed PlugIns";
			runOnlyForDeploymentPostprocessing = 0;
		};
/* End PBXCopyFilesBuildPhase section */

/* Begin PBXFileReference section */
		D64CB1162BA639AC0080DA1C /* SQLite.xcodeproj */ = {isa = PBXFileReference; lastKnownFileType = "wrapper.pb-project"; name = SQLite.xcodeproj; path = "../../SQLite.swift-master/SQLite.xcodeproj"; sourceTree = "<group>"; };
		D6683E4C2A2137AF002159F6 /* LandingPerformance.app */ = {isa = PBXFileReference; explicitFileType = wrapper.application; includeInIndex = 0; path = LandingPerformance.app; sourceTree = BUILT_PRODUCTS_DIR; };
		D6683E4F2A2137AF002159F6 /* LandingPerformanceApp.swift */ = {isa = PBXFileReference; lastKnownFileType = sourcecode.swift; path = LandingPerformanceApp.swift; sourceTree = "<group>"; };
		D6683E512A2137AF002159F6 /* ContentView.swift */ = {isa = PBXFileReference; lastKnownFileType = sourcecode.swift; path = ContentView.swift; sourceTree = "<group>"; };
		D6683E532A2137B3002159F6 /* Assets.xcassets */ = {isa = PBXFileReference; lastKnownFileType = folder.assetcatalog; path = Assets.xcassets; sourceTree = "<group>"; };
		D6683E562A2137B3002159F6 /* Preview Assets.xcassets */ = {isa = PBXFileReference; lastKnownFileType = folder.assetcatalog; path = "Preview Assets.xcassets"; sourceTree = "<group>"; };
		D6683E782A2139B4002159F6 /* Data.swift */ = {isa = PBXFileReference; lastKnownFileType = sourcecode.swift; path = Data.swift; sourceTree = "<group>"; };
		D68000682BA9A54000400993 /* Failure.swift */ = {isa = PBXFileReference; lastKnownFileType = sourcecode.swift; path = Failure.swift; sourceTree = "<group>"; };
		D68000712BA9C07D00400993 /* SystemView.swift */ = {isa = PBXFileReference; lastKnownFileType = sourcecode.swift; path = SystemView.swift; sourceTree = "<group>"; };
		D68000732BA9FEFB00400993 /* FailureIView.swift */ = {isa = PBXFileReference; lastKnownFileType = sourcecode.swift; path = FailureIView.swift; sourceTree = "<group>"; };
		D6A619DE2A213CCD00258941 /* landing_performance_test_.db */ = {isa = PBXFileReference; lastKnownFileType = file; path = landing_performance_test_.db; sourceTree = "<group>"; };
/* End PBXFileReference section */

/* Begin PBXFrameworksBuildPhase section */
		D6683E492A2137AF002159F6 /* Frameworks */ = {
			isa = PBXFrameworksBuildPhase;
			buildActionMask = 2147483647;
			files = (
				D64CB12E2BA63C9C0080DA1C /* SQLite.framework in Frameworks */,
			);
			runOnlyForDeploymentPostprocessing = 0;
		};
/* End PBXFrameworksBuildPhase section */

/* Begin PBXGroup section */
		D64CB1172BA639AC0080DA1C /* Products */ = {
			isa = PBXGroup;
			children = (
				D64CB1212BA639AC0080DA1C /* SQLite.framework */,
				D64CB1232BA639AC0080DA1C /* SQLiteTests iOS.xctest */,
				D64CB1252BA639AC0080DA1C /* SQLite.framework */,
				D64CB1272BA639AC0080DA1C /* SQLiteTests Mac.xctest */,
				D64CB1292BA639AC0080DA1C /* SQLite.framework */,
				D64CB12B2BA639AC0080DA1C /* SQLiteTests tvOS.xctest */,
				D64CB12D2BA639AC0080DA1C /* SQLite.framework */,
			);
			name = Products;
			sourceTree = "<group>";
		};
		D6683E432A2137AF002159F6 = {
			isa = PBXGroup;
			children = (
				D64CB1162BA639AC0080DA1C /* SQLite.xcodeproj */,
				D6683E4E2A2137AF002159F6 /* LandingPerformance */,
				D6683E4D2A2137AF002159F6 /* Products */,
				D6683E752A213894002159F6 /* Frameworks */,
			);
			sourceTree = "<group>";
		};
		D6683E4D2A2137AF002159F6 /* Products */ = {
			isa = PBXGroup;
			children = (
				D6683E4C2A2137AF002159F6 /* LandingPerformance.app */,
			);
			name = Products;
			sourceTree = "<group>";
		};
		D6683E4E2A2137AF002159F6 /* LandingPerformance */ = {
			isa = PBXGroup;
			children = (
				D68000732BA9FEFB00400993 /* FailureIView.swift */,
				D6683E4F2A2137AF002159F6 /* LandingPerformanceApp.swift */,
				D6683E512A2137AF002159F6 /* ContentView.swift */,
				D6683E782A2139B4002159F6 /* Data.swift */,
				D68000682BA9A54000400993 /* Failure.swift */,
				D68000712BA9C07D00400993 /* SystemView.swift */,
				D6A619DE2A213CCD00258941 /* landing_performance_test_.db */,
				D6683E532A2137B3002159F6 /* Assets.xcassets */,
				D6683E552A2137B3002159F6 /* Preview Content */,
			);
			path = LandingPerformance;
			sourceTree = "<group>";
		};
		D6683E552A2137B3002159F6 /* Preview Content */ = {
			isa = PBXGroup;
			children = (
				D6683E562A2137B3002159F6 /* Preview Assets.xcassets */,
			);
			path = "Preview Content";
			sourceTree = "<group>";
		};
		D6683E752A213894002159F6 /* Frameworks */ = {
			isa = PBXGroup;
			children = (
			);
			name = Frameworks;
			sourceTree = "<group>";
		};
/* End PBXGroup section */

/* Begin PBXNativeTarget section */
		D6683E4B2A2137AF002159F6 /* LandingPerformance */ = {
			isa = PBXNativeTarget;
			buildConfigurationList = D6683E5A2A2137B3002159F6 /* Build configuration list for PBXNativeTarget "LandingPerformance" */;
			buildPhases = (
				D6683E482A2137AF002159F6 /* Sources */,
				D6683E492A2137AF002159F6 /* Frameworks */,
				D6683E4A2A2137AF002159F6 /* Resources */,
				D6A6F0842A213F9E003BBECD /* Embed Frameworks */,
				D6F9BEC02AB7388C00AF90D2 /* Embed PlugIns */,
			);
			buildRules = (
			);
			dependencies = (
			);
			name = LandingPerformance;
			productName = LandingPerformance;
			productReference = D6683E4C2A2137AF002159F6 /* LandingPerformance.app */;
			productType = "com.apple.product-type.application";
		};
/* End PBXNativeTarget section */

/* Begin PBXProject section */
		D6683E442A2137AF002159F6 /* Project object */ = {
			isa = PBXProject;
			attributes = {
				BuildIndependentTargetsInParallel = 1;
				LastSwiftUpdateCheck = 1400;
				LastUpgradeCheck = 1400;
				TargetAttributes = {
					D6683E4B2A2137AF002159F6 = {
						CreatedOnToolsVersion = 14.0.1;
					};
				};
			};
			buildConfigurationList = D6683E472A2137AF002159F6 /* Build configuration list for PBXProject "LandingPerformance" */;
			compatibilityVersion = "Xcode 14.0";
			developmentRegion = en;
			hasScannedForEncodings = 0;
			knownRegions = (
				en,
				Base,
			);
			mainGroup = D6683E432A2137AF002159F6;
			productRefGroup = D6683E4D2A2137AF002159F6 /* Products */;
			projectDirPath = "";
			projectReferences = (
				{
					ProductGroup = D64CB1172BA639AC0080DA1C /* Products */;
					ProjectRef = D64CB1162BA639AC0080DA1C /* SQLite.xcodeproj */;
				},
			);
			projectRoot = "";
			targets = (
				D6683E4B2A2137AF002159F6 /* LandingPerformance */,
			);
		};
/* End PBXProject section */

/* Begin PBXReferenceProxy section */
		D64CB1212BA639AC0080DA1C /* SQLite.framework */ = {
			isa = PBXReferenceProxy;
			fileType = wrapper.framework;
			path = SQLite.framework;
			remoteRef = D64CB1202BA639AC0080DA1C /* PBXContainerItemProxy */;
			sourceTree = BUILT_PRODUCTS_DIR;
		};
		D64CB1232BA639AC0080DA1C /* SQLiteTests iOS.xctest */ = {
			isa = PBXReferenceProxy;
			fileType = wrapper.cfbundle;
			path = "SQLiteTests iOS.xctest";
			remoteRef = D64CB1222BA639AC0080DA1C /* PBXContainerItemProxy */;
			sourceTree = BUILT_PRODUCTS_DIR;
		};
		D64CB1252BA639AC0080DA1C /* SQLite.framework */ = {
			isa = PBXReferenceProxy;
			fileType = wrapper.framework;
			path = SQLite.framework;
			remoteRef = D64CB1242BA639AC0080DA1C /* PBXContainerItemProxy */;
			sourceTree = BUILT_PRODUCTS_DIR;
		};
		D64CB1272BA639AC0080DA1C /* SQLiteTests Mac.xctest */ = {
			isa = PBXReferenceProxy;
			fileType = wrapper.cfbundle;
			path = "SQLiteTests Mac.xctest";
			remoteRef = D64CB1262BA639AC0080DA1C /* PBXContainerItemProxy */;
			sourceTree = BUILT_PRODUCTS_DIR;
		};
		D64CB1292BA639AC0080DA1C /* SQLite.framework */ = {
			isa = PBXReferenceProxy;
			fileType = wrapper.framework;
			path = SQLite.framework;
			remoteRef = D64CB1282BA639AC0080DA1C /* PBXContainerItemProxy */;
			sourceTree = BUILT_PRODUCTS_DIR;
		};
		D64CB12B2BA639AC0080DA1C /* SQLiteTests tvOS.xctest */ = {
			isa = PBXReferenceProxy;
			fileType = wrapper.cfbundle;
			path = "SQLiteTests tvOS.xctest";
			remoteRef = D64CB12A2BA639AC0080DA1C /* PBXContainerItemProxy */;
			sourceTree = BUILT_PRODUCTS_DIR;
		};
		D64CB12D2BA639AC0080DA1C /* SQLite.framework */ = {
			isa = PBXReferenceProxy;
			fileType = wrapper.framework;
			path = SQLite.framework;
			remoteRef = D64CB12C2BA639AC0080DA1C /* PBXContainerItemProxy */;
			sourceTree = BUILT_PRODUCTS_DIR;
		};
/* End PBXReferenceProxy section */

/* Begin PBXResourcesBuildPhase section */
		D6683E4A2A2137AF002159F6 /* Resources */ = {
			isa = PBXResourcesBuildPhase;
			buildActionMask = 2147483647;
			files = (
				D6A619E62A213CCD00258941 /* landing_performance_test_.db in Resources */,
				D6683E572A2137B3002159F6 /* Preview Assets.xcassets in Resources */,
				D6683E542A2137B3002159F6 /* Assets.xcassets in Resources */,
			);
			runOnlyForDeploymentPostprocessing = 0;
		};
/* End PBXResourcesBuildPhase section */

/* Begin PBXSourcesBuildPhase section */
		D6683E482A2137AF002159F6 /* Sources */ = {
			isa = PBXSourcesBuildPhase;
			buildActionMask = 2147483647;
			files = (
				D68000692BA9A54000400993 /* Failure.swift in Sources */,
				D68000742BA9FEFB00400993 /* FailureIView.swift in Sources */,
				D6683E522A2137AF002159F6 /* ContentView.swift in Sources */,
				D6683E792A2139B4002159F6 /* Data.swift in Sources */,
				D6683E502A2137AF002159F6 /* LandingPerformanceApp.swift in Sources */,
				D68000722BA9C07D00400993 /* SystemView.swift in Sources */,
			);
			runOnlyForDeploymentPostprocessing = 0;
		};
/* End PBXSourcesBuildPhase section */

/* Begin XCBuildConfiguration section */
		D6683E582A2137B3002159F6 /* Debug */ = {
			isa = XCBuildConfiguration;
			buildSettings = {
				ALWAYS_SEARCH_USER_PATHS = NO;
				CLANG_ANALYZER_NONNULL = YES;
				CLANG_ANALYZER_NUMBER_OBJECT_CONVERSION = YES_AGGRESSIVE;
				CLANG_CXX_LANGUAGE_STANDARD = "gnu++20";
				CLANG_ENABLE_MODULES = YES;
				CLANG_ENABLE_OBJC_ARC = YES;
				CLANG_ENABLE_OBJC_WEAK = YES;
				CLANG_WARN_BLOCK_CAPTURE_AUTORELEASING = YES;
				CLANG_WARN_BOOL_CONVERSION = YES;
				CLANG_WARN_COMMA = YES;
				CLANG_WARN_CONSTANT_CONVERSION = YES;
				CLANG_WARN_DEPRECATED_OBJC_IMPLEMENTATIONS = YES;
				CLANG_WARN_DIRECT_OBJC_ISA_USAGE = YES_ERROR;
				CLANG_WARN_DOCUMENTATION_COMMENTS = YES;
				CLANG_WARN_EMPTY_BODY = YES;
				CLANG_WARN_ENUM_CONVERSION = YES;
				CLANG_WARN_INFINITE_RECURSION = YES;
				CLANG_WARN_INT_CONVERSION = YES;
				CLANG_WARN_NON_LITERAL_NULL_CONVERSION = YES;
				CLANG_WARN_OBJC_IMPLICIT_RETAIN_SELF = YES;
				CLANG_WARN_OBJC_LITERAL_CONVERSION = YES;
				CLANG_WARN_OBJC_ROOT_CLASS = YES_ERROR;
				CLANG_WARN_QUOTED_INCLUDE_IN_FRAMEWORK_HEADER = YES;
				CLANG_WARN_RANGE_LOOP_ANALYSIS = YES;
				CLANG_WARN_STRICT_PROTOTYPES = YES;
				CLANG_WARN_SUSPICIOUS_MOVE = YES;
				CLANG_WARN_UNGUARDED_AVAILABILITY = YES_AGGRESSIVE;
				CLANG_WARN_UNREACHABLE_CODE = YES;
				CLANG_WARN__DUPLICATE_METHOD_MATCH = YES;
				COPY_PHASE_STRIP = NO;
				DEBUG_INFORMATION_FORMAT = dwarf;
				ENABLE_STRICT_OBJC_MSGSEND = YES;
				ENABLE_TESTABILITY = YES;
				GCC_C_LANGUAGE_STANDARD = gnu11;
				GCC_DYNAMIC_NO_PIC = NO;
				GCC_NO_COMMON_BLOCKS = YES;
				GCC_OPTIMIZATION_LEVEL = 0;
				GCC_PREPROCESSOR_DEFINITIONS = (
					"DEBUG=1",
					"$(inherited)",
				);
				GCC_WARN_64_TO_32_BIT_CONVERSION = YES;
				GCC_WARN_ABOUT_RETURN_TYPE = YES_ERROR;
				GCC_WARN_UNDECLARED_SELECTOR = YES;
				GCC_WARN_UNINITIALIZED_AUTOS = YES_AGGRESSIVE;
				GCC_WARN_UNUSED_FUNCTION = YES;
				GCC_WARN_UNUSED_VARIABLE = YES;
				IPHONEOS_DEPLOYMENT_TARGET = 16.0;
				MTL_ENABLE_DEBUG_INFO = INCLUDE_SOURCE;
				MTL_FAST_MATH = YES;
				ONLY_ACTIVE_ARCH = YES;
				SDKROOT = iphoneos;
				SWIFT_ACTIVE_COMPILATION_CONDITIONS = DEBUG;
				SWIFT_OPTIMIZATION_LEVEL = "-Onone";
			};
			name = Debug;
		};
		D6683E592A2137B3002159F6 /* Release */ = {
			isa = XCBuildConfiguration;
			buildSettings = {
				ALWAYS_SEARCH_USER_PATHS = NO;
				CLANG_ANALYZER_NONNULL = YES;
				CLANG_ANALYZER_NUMBER_OBJECT_CONVERSION = YES_AGGRESSIVE;
				CLANG_CXX_LANGUAGE_STANDARD = "gnu++20";
				CLANG_ENABLE_MODULES = YES;
				CLANG_ENABLE_OBJC_ARC = YES;
				CLANG_ENABLE_OBJC_WEAK = YES;
				CLANG_WARN_BLOCK_CAPTURE_AUTORELEASING = YES;
				CLANG_WARN_BOOL_CONVERSION = YES;
				CLANG_WARN_COMMA = YES;
				CLANG_WARN_CONSTANT_CONVERSION = YES;
				CLANG_WARN_DEPRECATED_OBJC_IMPLEMENTATIONS = YES;
				CLANG_WARN_DIRECT_OBJC_ISA_USAGE = YES_ERROR;
				CLANG_WARN_DOCUMENTATION_COMMENTS = YES;
				CLANG_WARN_EMPTY_BODY = YES;
				CLANG_WARN_ENUM_CONVERSION = YES;
				CLANG_WARN_INFINITE_RECURSION = YES;
				CLANG_WARN_INT_CONVERSION = YES;
				CLANG_WARN_NON_LITERAL_NULL_CONVERSION = YES;
				CLANG_WARN_OBJC_IMPLICIT_RETAIN_SELF = YES;
				CLANG_WARN_OBJC_LITERAL_CONVERSION = YES;
				CLANG_WARN_OBJC_ROOT_CLASS = YES_ERROR;
				CLANG_WARN_QUOTED_INCLUDE_IN_FRAMEWORK_HEADER = YES;
				CLANG_WARN_RANGE_LOOP_ANALYSIS = YES;
				CLANG_WARN_STRICT_PROTOTYPES = YES;
				CLANG_WARN_SUSPICIOUS_MOVE = YES;
				CLANG_WARN_UNGUARDED_AVAILABILITY = YES_AGGRESSIVE;
				CLANG_WARN_UNREACHABLE_CODE = YES;
				CLANG_WARN__DUPLICATE_METHOD_MATCH = YES;
				COPY_PHASE_STRIP = NO;
				DEBUG_INFORMATION_FORMAT = "dwarf-with-dsym";
				ENABLE_NS_ASSERTIONS = NO;
				ENABLE_STRICT_OBJC_MSGSEND = YES;
				GCC_C_LANGUAGE_STANDARD = gnu11;
				GCC_NO_COMMON_BLOCKS = YES;
				GCC_WARN_64_TO_32_BIT_CONVERSION = YES;
				GCC_WARN_ABOUT_RETURN_TYPE = YES_ERROR;
				GCC_WARN_UNDECLARED_SELECTOR = YES;
				GCC_WARN_UNINITIALIZED_AUTOS = YES_AGGRESSIVE;
				GCC_WARN_UNUSED_FUNCTION = YES;
				GCC_WARN_UNUSED_VARIABLE = YES;
				IPHONEOS_DEPLOYMENT_TARGET = 16.0;
				MTL_ENABLE_DEBUG_INFO = NO;
				MTL_FAST_MATH = YES;
				SDKROOT = iphoneos;
				SWIFT_COMPILATION_MODE = wholemodule;
				SWIFT_OPTIMIZATION_LEVEL = "-O";
				VALIDATE_PRODUCT = YES;
			};
			name = Release;
		};
		D6683E5B2A2137B3002159F6 /* Debug */ = {
			isa = XCBuildConfiguration;
			buildSettings = {
				ASSETCATALOG_COMPILER_APPICON_NAME = AppIcon;
				ASSETCATALOG_COMPILER_GLOBAL_ACCENT_COLOR_NAME = AccentColor;
				CODE_SIGN_STYLE = Automatic;
				CURRENT_PROJECT_VERSION = 1;
				DEVELOPMENT_ASSET_PATHS = "\"LandingPerformance/Preview Content\"";
				DEVELOPMENT_TEAM = V868MSVB4J;
				ENABLE_PREVIEWS = YES;
				GENERATE_INFOPLIST_FILE = YES;
				INFOPLIST_KEY_UIApplicationSceneManifest_Generation = YES;
				INFOPLIST_KEY_UIApplicationSupportsIndirectInputEvents = YES;
				INFOPLIST_KEY_UILaunchScreen_Generation = YES;
				INFOPLIST_KEY_UISupportedInterfaceOrientations_iPad = "UIInterfaceOrientationPortrait UIInterfaceOrientationPortraitUpsideDown UIInterfaceOrientationLandscapeLeft UIInterfaceOrientationLandscapeRight";
				INFOPLIST_KEY_UISupportedInterfaceOrientations_iPhone = "UIInterfaceOrientationPortrait UIInterfaceOrientationLandscapeLeft UIInterfaceOrientationLandscapeRight";
				LD_RUNPATH_SEARCH_PATHS = (
					"$(inherited)",
					"@executable_path/Frameworks",
				);
				MARKETING_VERSION = 1.0;
				PRODUCT_BUNDLE_IDENTIFIER = SkyTalk.LandingPerformance;
				PRODUCT_NAME = "$(TARGET_NAME)";
				SWIFT_EMIT_LOC_STRINGS = YES;
				SWIFT_VERSION = 5.0;
				TARGETED_DEVICE_FAMILY = "1,2";
			};
			name = Debug;
		};
		D6683E5C2A2137B3002159F6 /* Release */ = {
			isa = XCBuildConfiguration;
			buildSettings = {
				ASSETCATALOG_COMPILER_APPICON_NAME = AppIcon;
				ASSETCATALOG_COMPILER_GLOBAL_ACCENT_COLOR_NAME = AccentColor;
				CODE_SIGN_STYLE = Automatic;
				CURRENT_PROJECT_VERSION = 1;
				DEVELOPMENT_ASSET_PATHS = "\"LandingPerformance/Preview Content\"";
				DEVELOPMENT_TEAM = V868MSVB4J;
				ENABLE_PREVIEWS = YES;
				GENERATE_INFOPLIST_FILE = YES;
				INFOPLIST_KEY_UIApplicationSceneManifest_Generation = YES;
				INFOPLIST_KEY_UIApplicationSupportsIndirectInputEvents = YES;
				INFOPLIST_KEY_UILaunchScreen_Generation = YES;
				INFOPLIST_KEY_UISupportedInterfaceOrientations_iPad = "UIInterfaceOrientationPortrait UIInterfaceOrientationPortraitUpsideDown UIInterfaceOrientationLandscapeLeft UIInterfaceOrientationLandscapeRight";
				INFOPLIST_KEY_UISupportedInterfaceOrientations_iPhone = "UIInterfaceOrientationPortrait UIInterfaceOrientationLandscapeLeft UIInterfaceOrientationLandscapeRight";
				LD_RUNPATH_SEARCH_PATHS = (
					"$(inherited)",
					"@executable_path/Frameworks",
				);
				MARKETING_VERSION = 1.0;
				PRODUCT_BUNDLE_IDENTIFIER = SkyTalk.LandingPerformance;
				PRODUCT_NAME = "$(TARGET_NAME)";
				SWIFT_EMIT_LOC_STRINGS = YES;
				SWIFT_VERSION = 5.0;
				TARGETED_DEVICE_FAMILY = "1,2";
			};
			name = Release;
		};
/* End XCBuildConfiguration section */

/* Begin XCConfigurationList section */
		D6683E472A2137AF002159F6 /* Build configuration list for PBXProject "LandingPerformance" */ = {
			isa = XCConfigurationList;
			buildConfigurations = (
				D6683E582A2137B3002159F6 /* Debug */,
				D6683E592A2137B3002159F6 /* Release */,
			);
			defaultConfigurationIsVisible = 0;
			defaultConfigurationName = Release;
		};
		D6683E5A2A2137B3002159F6 /* Build configuration list for PBXNativeTarget "LandingPerformance" */ = {
			isa = XCConfigurationList;
			buildConfigurations = (
				D6683E5B2A2137B3002159F6 /* Debug */,
				D6683E5C2A2137B3002159F6 /* Release */,
			);
			defaultConfigurationIsVisible = 0;
			defaultConfigurationName = Release;
		};
/* End XCConfigurationList section */
	};
	rootObject = D6683E442A2137AF002159F6 /* Project object */;
}
